
Microsoft Visual Studio Solution File, Format Version 12.00
# Visual Studio Version 17
VisualStudioVersion = 17.5.33516.290
MinimumVisualStudioVersion = 10.0.40219.1
Project("{FAE04EC0-301F-11D3-BF4B-00C04F79EFBC}") = "MG_SplaTank", "MG_SplaTank.csproj", "{3C837370-6A46-4162-9E75-E1FA9D5C4E2A}"
EndProject
Global
	GlobalSection(SolutionConfigurationPlatforms) = preSolution
		Debug|Any CPU = Debug|Any CPU
		Release|Any CPU = Release|Any CPU
	EndGlobalSection
	GlobalSection(ProjectConfigurationPlatforms) = postSolution
		{3C837370-6A46-4162-9E75-E1FA9D5C4E2A}.Debug|Any CPU.ActiveCfg = Debug|Any CPU
		{3C837370-6A46-4162-9E75-E1FA9D5C4E2A}.Debug|Any CPU.Build.0 = Debug|Any CPU
		{3C837370-6A46-4162-9E75-E1FA9D5C4E2A}.Release|Any CPU.ActiveCfg = Release|Any CPU
		{3C837370-6A46-4162-9E75-E1FA9D5C4E2A}.Release|Any CPU.Build.0 = Release|Any CPU
	EndGlobalSection
	GlobalSection(SolutionProperties) = preSolution
		HideSolutionNode = FALSE
	EndGlobalSection
	GlobalSection(ExtensibilityGlobals) = postSolution
		SolutionGuid = {88D35A22-0AFD-4A32-BBE0-903E3693AF02}
	EndGlobalSection
EndGlobal
